{
  "object": {
    "pins": [
      {
        "package": "Codextended",
        "repositoryURL": "https://github.com/johnsundell/codextended.git",
        "state": {
          "branch": null,
          "revision": "8d7c46dfc9c55240870cf5561d6cefa41e3d7105",
          "version": "0.3.0"
        }
      },
      {
        "package": "DarkImagePublishPlugin",
        "repositoryURL": "https://github.com/insidegui/DarkImagePublishPlugin",
        "state": {
          "branch": "master",
          "revision": "671482b8d37ba901fed89d6ac21c6e36e2dfcf2f",
          "version": null
        }
      },
      {
        "package": "Files",
        "repositoryURL": "https://github.com/johnsundell/files.git",
        "state": {
          "branch": null,
          "revision": "22fe84797d499ffca911ccd896b34efaf06a50b9",
          "version": "4.1.1"
        }
      },
      {
        "package": "Ink",
        "repositoryURL": "https://github.com/johnsundell/ink.git",
        "state": {
          "branch": null,
          "revision": "878fd897945500be1885f2c88f81f8f909224796",
          "version": "0.4.0"
        }
      },
      {
        "package": "LoggerKit",
        "repositoryURL": "https://github.com/pvieito/LoggerKit.git",
        "state": {
          "branch": "master",
          "revision": "6f2d8d3b4ccd69aa1ee142d221f59bf1dd4aa1de",
          "version": null
        }
      },
      {
        "package": "Plot",
        "repositoryURL": "https://github.com/johnsundell/plot.git",
        "state": {
          "branch": null,
          "revision": "c27f6857deeb4c4623db294172a8ec572790a9be",
          "version": "0.10.0"
        }
      },
      {
        "package": "Publish",
        "repositoryURL": "https://github.com/johnsundell/publish.git",
        "state": {
          "branch": "master",
          "revision": "9e1b20a23c73ba078966a4fcce23146088d0de63",
          "version": null
        }
      },
      {
        "package": "PythonKit",
        "repositoryURL": "https://github.com/pvieito/PythonKit.git",
        "state": {
          "branch": "master",
          "revision": "18cbc3588fb11ced63192472a8f7e6b60e5e7f5d",
          "version": null
        }
      },
      {
        "package": "Rainbow",
        "repositoryURL": "https://github.com/onevcat/Rainbow",
        "state": {
          "branch": null,
          "revision": "9c52c1952e9b2305d4507cf473392ac2d7c9b155",
          "version": "3.1.5"
        }
      },
      {
        "package": "ReadingTimePublishPlugin",
        "repositoryURL": "https://github.com/alexito4/ReadingTimePublishPlugin",
        "state": {
          "branch": "master",
          "revision": "573995d5c4eba96eafe1fe0cb70e55a82d946eb8",
          "version": null
        }
      },
      {
        "package": "ShellOut",
        "repositoryURL": "https://github.com/johnsundell/shellout.git",
        "state": {
          "branch": null,
          "revision": "e1577acf2b6e90086d01a6d5e2b8efdaae033568",
          "version": "2.3.0"
        }
      },
      {
        "package": "Sweep",
        "repositoryURL": "https://github.com/johnsundell/sweep.git",
        "state": {
          "branch": null,
          "revision": "801c2878e4c6c5baf32fe132e1f3f3af6f9fd1b0",
          "version": "0.4.0"
        }
      },
      {
        "package": "swift-argument-parser",
        "repositoryURL": "https://github.com/apple/swift-argument-parser",
        "state": {
          "branch": null,
          "revision": "9f04d1ff1afbccd02279338a2c91e5f27c45e93a",
          "version": "0.0.5"
        }
      },
      {
        "package": "SwiftPygments",
        "repositoryURL": "https://github.com/Ze0nC/SwiftPygments",
        "state": {
          "branch": "master",
          "revision": "c22bcfcc5931db56c971c1d2722de856a8bfaf39",
          "version": null
        }
      },
      {
        "package": "SwiftPygmentsPublishPlugin",
        "repositoryURL": "https://github.com/Ze0nC/SwiftPygmentsPublishPlugin",
        "state": {
          "branch": "master",
          "revision": "9280f5d55a4a7600cef2e08078ec456ab345904c",
          "version": null
        }
      }
    ]
  },
  "version": 1
}
